{
  "pins" : [
    {
      "identity" : "antlr4",
      "kind" : "remoteSourceControl",
      "location" : "https://github.com/antlr/antlr4",
      "state" : {
        "branch" : "dev",
        "revision" : "2703a8516c0fb7fe92db6b9c40e0113f577646d2"
      }
    },
    {
      "identity" : "dynamic",
      "kind" : "remoteSourceControl",
      "location" : "https://github.com/mhdhejazi/Dynamic",
      "state" : {
        "branch" : "master",
        "revision" : "772883073d044bc754d401cabb6574624eb3778f"
      }
    },
    {
      "identity" : "sentry-cocoa",
      "kind" : "remoteSourceControl",
      "location" : "https://github.com/getsentry/sentry-cocoa",
      "state" : {
        "revision" : "d277532e1c8af813981ba01f591b15bbdd735615",
        "version" : "8.8.0"
      }
    },
    {
      "identity" : "swift-algorithms",
      "kind" : "remoteSourceControl",
      "location" : "https://github.com/apple/swift-algorithms",
      "state" : {
        "revision" : "b14b7f4c528c942f121c8b860b9410b2bf57825e",
        "version" : "1.0.0"
      }
    },
    {
      "identity" : "swift-argument-parser",
      "kind" : "remoteSourceControl",
      "location" : "https://github.com/apple/swift-argument-parser",
      "state" : {
        "revision" : "f3c9084a71ef4376f2fabbdf1d3d90a49f1fabdb",
        "version" : "1.1.2"
      }
    },
    {
      "identity" : "swift-async-algorithms",
      "kind" : "remoteSourceControl",
      "location" : "https://github.com/apple/swift-async-algorithms",
      "state" : {
        "branch" : "main",
        "revision" : "f05e450f0b909c0e80670a47516c4b9700b9e5da"
      }
    },
    {
      "identity" : "swift-atomics",
      "kind" : "remoteSourceControl",
      "location" : "https://github.com/apple/swift-atomics.git",
      "state" : {
        "revision" : "919eb1d83e02121cdb434c7bfc1f0c66ef17febe",
        "version" : "1.0.2"
      }
    },
    {
      "identity" : "swift-collections",
      "kind" : "remoteSourceControl",
      "location" : "https://github.com/apple/swift-collections.git",
      "state" : {
        "revision" : "f504716c27d2e5d4144fa4794b12129301d17729",
        "version" : "1.0.3"
      }
    },
    {
      "identity" : "swift-numerics",
      "kind" : "remoteSourceControl",
      "location" : "https://github.com/apple/swift-numerics",
      "state" : {
        "revision" : "0a5bc04095a675662cf24757cc0640aa2204253b",
        "version" : "1.0.2"
      }
    },
    {
      "identity" : "swift-sysctl",
      "kind" : "remoteSourceControl",
      "location" : "https://github.com/sersoft-gmbh/swift-sysctl.git",
      "state" : {
        "revision" : "71fd64ee84819bb19fbecfb36d5a4503726b6fb7",
        "version" : "1.6.0"
      }
    },
    {
      "identity" : "swiftdate",
      "kind" : "remoteSourceControl",
      "location" : "https://github.com/malcommac/SwiftDate",
      "state" : {
        "revision" : "6190d0cefff3013e77ed567e6b074f324e5c5bf5",
        "version" : "6.3.1"
      }
    },
    {
      "identity" : "swiftformat",
      "kind" : "remoteSourceControl",
      "location" : "https://github.com/nicklockwood/SwiftFormat",
      "state" : {
        "revision" : "da637c398c5d08896521b737f2868ddc2e7996ae",
        "version" : "0.50.6"
      }
    },
    {
      "identity" : "texttable",
      "kind" : "remoteSourceControl",
      "location" : "https://github.com/cfilipov/TextTable",
      "state" : {
        "branch" : "master",
        "revision" : "e03289289155b4e7aa565e32862f9cb42140596a"
      }
    }
  ],
  "version" : 2
}
