{
  "object": {
    "pins": [
      {
        "package": "swift-argument-parser",
        "repositoryURL": "https://github.com/apple/swift-argument-parser.git",
        "state": {
          "branch": null,
          "revision": "e394bf350e38cb100b6bc4172834770ede1b7232",
          "version": "1.0.3"
        }
      }
    ]
  },
  "version": 1
}
